
Microsoft Visual Studio Solution File, Format Version 12.00
# Visual Studio 2013
VisualStudioVersion = 12.0.30324.0
MinimumVisualStudioVersion = 10.0.40219.1
Project("{FAE04EC0-301F-11D3-BF4B-00C04F79EFBC}") = "LagomRealism", "LagomRealism\LagomRealism\LagomRealism.csproj", "{83060D43-3AA1-4FAE-9FD7-EEEB05A6BA77}"
EndProject
Project("{FAE04EC0-301F-11D3-BF4B-00C04F79EFBC}") = "LagomRealismContent", "LagomRealism\LagomRealismContent\LagomRealismContent.contentproj", "{4538E2EB-1041-419C-8728-3F1A9E615619}"
EndProject
Project("{FAE04EC0-301F-11D3-BF4B-00C04F79EFBC}") = "LagomRealismServer", "..\LagomRealismServer\LagomRealism\LagomRealismServer.csproj", "{970D456A-849A-4E56-96E6-CFE35BF10BFE}"
EndProject
Global
	GlobalSection(SolutionConfigurationPlatforms) = preSolution
		Debug|Any CPU = Debug|Any CPU
		Debug|Mixed Platforms = Debug|Mixed Platforms
		Debug|x86 = Debug|x86
		Release|Any CPU = Release|Any CPU
		Release|Mixed Platforms = Release|Mixed Platforms
		Release|x86 = Release|x86
	EndGlobalSection
	GlobalSection(ProjectConfigurationPlatforms) = postSolution
		{83060D43-3AA1-4FAE-9FD7-EEEB05A6BA77}.Debug|Any CPU.ActiveCfg = Debug|x86
		{83060D43-3AA1-4FAE-9FD7-EEEB05A6BA77}.Debug|Mixed Platforms.ActiveCfg = Debug|x86
		{83060D43-3AA1-4FAE-9FD7-EEEB05A6BA77}.Debug|Mixed Platforms.Build.0 = Debug|x86
		{83060D43-3AA1-4FAE-9FD7-EEEB05A6BA77}.Debug|x86.ActiveCfg = Debug|x86
		{83060D43-3AA1-4FAE-9FD7-EEEB05A6BA77}.Debug|x86.Build.0 = Debug|x86
		{83060D43-3AA1-4FAE-9FD7-EEEB05A6BA77}.Release|Any CPU.ActiveCfg = Release|x86
		{83060D43-3AA1-4FAE-9FD7-EEEB05A6BA77}.Release|Mixed Platforms.ActiveCfg = Release|x86
		{83060D43-3AA1-4FAE-9FD7-EEEB05A6BA77}.Release|Mixed Platforms.Build.0 = Release|x86
		{83060D43-3AA1-4FAE-9FD7-EEEB05A6BA77}.Release|x86.ActiveCfg = Release|x86
		{83060D43-3AA1-4FAE-9FD7-EEEB05A6BA77}.Release|x86.Build.0 = Release|x86
		{4538E2EB-1041-419C-8728-3F1A9E615619}.Debug|Any CPU.ActiveCfg = Debug|x86
		{4538E2EB-1041-419C-8728-3F1A9E615619}.Debug|Mixed Platforms.ActiveCfg = Debug|x86
		{4538E2EB-1041-419C-8728-3F1A9E615619}.Debug|x86.ActiveCfg = Debug|x86
		{4538E2EB-1041-419C-8728-3F1A9E615619}.Release|Any CPU.ActiveCfg = Release|x86
		{4538E2EB-1041-419C-8728-3F1A9E615619}.Release|Mixed Platforms.ActiveCfg = Release|x86
		{4538E2EB-1041-419C-8728-3F1A9E615619}.Release|x86.ActiveCfg = Release|x86
		{970D456A-849A-4E56-96E6-CFE35BF10BFE}.Debug|Any CPU.ActiveCfg = Debug|Any CPU
		{970D456A-849A-4E56-96E6-CFE35BF10BFE}.Debug|Any CPU.Build.0 = Debug|Any CPU
		{970D456A-849A-4E56-96E6-CFE35BF10BFE}.Debug|Mixed Platforms.ActiveCfg = Debug|Any CPU
		{970D456A-849A-4E56-96E6-CFE35BF10BFE}.Debug|Mixed Platforms.Build.0 = Debug|Any CPU
		{970D456A-849A-4E56-96E6-CFE35BF10BFE}.Debug|x86.ActiveCfg = Debug|Any CPU
		{970D456A-849A-4E56-96E6-CFE35BF10BFE}.Release|Any CPU.ActiveCfg = Release|Any CPU
		{970D456A-849A-4E56-96E6-CFE35BF10BFE}.Release|Any CPU.Build.0 = Release|Any CPU
		{970D456A-849A-4E56-96E6-CFE35BF10BFE}.Release|Mixed Platforms.ActiveCfg = Release|Any CPU
		{970D456A-849A-4E56-96E6-CFE35BF10BFE}.Release|Mixed Platforms.Build.0 = Release|Any CPU
		{970D456A-849A-4E56-96E6-CFE35BF10BFE}.Release|x86.ActiveCfg = Release|Any CPU
	EndGlobalSection
	GlobalSection(SolutionProperties) = preSolution
		HideSolutionNode = FALSE
	EndGlobalSection
EndGlobal
